<?xml version="1.0" encoding="utf-8"?>
<Project ToolsVersion="4.0" xmlns="http://schemas.microsoft.com/developer/msbuild/2003">
  <ItemGroup>
    <Filter Include="Archivos de origen">
      <UniqueIdentifier>{4FC737F1-C7A5-4376-A066-2A32D752A2FF}</UniqueIdentifier>
      <Extensions>cpp;c;cc;cxx;c++;cppm;ixx;def;odl;idl;hpj;bat;asm;asmx</Extensions>
    </Filter>
    <Filter Include="Archivos de encabezado">
      <UniqueIdentifier>{93995380-89BD-4b04-88EB-625FBE52EBFB}</UniqueIdentifier>
      <Extensions>h;hh;hpp;hxx;h++;hm;inl;inc;ipp;xsd</Extensions>
    </Filter>
    <Filter Include="Archivos de recursos">
      <UniqueIdentifier>{67DA6AB6-F800-4c08-8B7A-83BB121AAD01}</UniqueIdentifier>
      <Extensions>rc;ico;cur;bmp;dlg;rc2;rct;bin;rgs;gif;jpg;jpeg;jpe;resx;tiff;tif;png;wav;mfcribbon-ms</Extensions>
    </Filter>
    <Filter Include="Input Files">
      <UniqueIdentifier>{0c9a9277-6950-4618-b376-58deae2b9685}</UniqueIdentifier>
    </Filter>
    <Filter Include="Output Files">
      <UniqueIdentifier>{46d747a7-2446-45da-9f11-d50c0653ae3e}</UniqueIdentifier>
    </Filter>
  </ItemGroup>
  <ItemGroup>
    <ClCompile Include="wgraphMP.cpp">
      <Filter>Archivos de origen</Filter>
    </ClCompile>
    <ClCompile Include="wgraphMT.cpp">
      <Filter>Archivos de origen</Filter>
    </ClCompile>
    <ClCompile Include="GPrc4.cpp">
      <Filter>Archivos de origen</Filter>
    </ClCompile>
    <ClCompile Include="graph.cpp">
      <Filter>Archivos de origen</Filter>
    </ClCompile>
    <ClCompile Include="graphTS.cpp">
      <Filter>Archivos de origen</Filter>
    </ClCompile>
    <ClCompile Include="wgraph.cpp">
      <Filter>Archivos de origen</Filter>
    </ClCompile>
    <ClCompile Include="graphHC.cpp">
      <Filter>Archivos de origen</Filter>
    </ClCompile>
    <ClCompile Include="wgraphTSP.cpp">
      <Filter>Archivos de origen</Filter>
    </ClCompile>
    <ClCompile Include="graphCol.cpp">
      <Filter>Archivos de origen</Filter>
    </ClCompile>
    <ClCompile Include="graphe.cpp">
      <Filter>Archivos de origen</Filter>
    </ClCompile>
  </ItemGroup>
  <ItemGroup>
    <ClInclude Include="wgraph.h">
      <Filter>Archivos de encabezado</Filter>
    </ClInclude>
    <ClInclude Include="graph.h">
      <Filter>Archivos de encabezado</Filter>
    </ClInclude>
    <ClInclude Include="graphe.h">
      <Filter>Archivos de encabezado</Filter>
    </ClInclude>
  </ItemGroup>
  <ItemGroup>
    <None Include="graph3.in">
      <Filter>Input Files</Filter>
    </None>
    <None Include="WD.in">
      <Filter>Input Files</Filter>
    </None>
    <None Include="wgraph0.in">
      <Filter>Input Files</Filter>
    </None>
    <None Include="wgraph1.in">
      <Filter>Input Files</Filter>
    </None>
    <None Include="wgraph2.in">
      <Filter>Input Files</Filter>
    </None>
    <None Include="wgraph3.in">
      <Filter>Input Files</Filter>
    </None>
    <None Include="WI.in">
      <Filter>Input Files</Filter>
    </None>
    <None Include="cities1.in">
      <Filter>Input Files</Filter>
    </None>
    <None Include="cities2.in">
      <Filter>Input Files</Filter>
    </None>
    <None Include="exercise12.in">
      <Filter>Input Files</Filter>
    </None>
    <None Include="graph0.in">
      <Filter>Input Files</Filter>
    </None>
    <None Include="graph1.in">
      <Filter>Input Files</Filter>
    </None>
    <None Include="graph2.in">
      <Filter>Input Files</Filter>
    </None>
    <None Include="Kn.out">
      <Filter>Output Files</Filter>
    </None>
    <None Include="Cn.out">
      <Filter>Output Files</Filter>
    </None>
    <None Include="Kn1_n2.out">
      <Filter>Output Files</Filter>
    </None>
    <None Include="Sn.out">
      <Filter>Output Files</Filter>
    </None>
    <None Include="Wn.out">
      <Filter>Output Files</Filter>
    </None>
    <None Include="Ktn1_n2.out">
      <Filter>Output Files</Filter>
    </None>
    <None Include="WCn.out">
      <Filter>Output Files</Filter>
    </None>
    <None Include="WKn.out">
      <Filter>Output Files</Filter>
    </None>
    <None Include="WKn1_n2.out">
      <Filter>Output Files</Filter>
    </None>
    <None Include="WSn.out">
      <Filter>Output Files</Filter>
    </None>
    <None Include="WWn.out">
      <Filter>Output Files</Filter>
    </None>
    <None Include="ciutats.out">
      <Filter>Output Files</Filter>
    </None>
    <None Include="D.out">
      <Filter>Output Files</Filter>
    </None>
    <None Include="I.out">
      <Filter>Output Files</Filter>
    </None>
    <None Include="comarques.in">
      <Filter>Input Files</Filter>
    </None>
    <None Include="D.in">
      <Filter>Input Files</Filter>
    </None>
    <None Include="I.in">
      <Filter>Input Files</Filter>
    </None>
    <None Include="comarques.out">
      <Filter>Output Files</Filter>
    </None>
    <None Include="E1.in">
      <Filter>Input Files</Filter>
    </None>
    <None Include="E2.in">
      <Filter>Input Files</Filter>
    </None>
    <None Include="E3.in">
      <Filter>Input Files</Filter>
    </None>
    <None Include="E4.in">
      <Filter>Input Files</Filter>
    </None>
    <None Include="E1.out">
      <Filter>Output Files</Filter>
    </None>
    <None Include="E2.out">
      <Filter>Output Files</Filter>
    </None>
    <None Include="E3.out">
      <Filter>Output Files</Filter>
    </None>
    <None Include="E4.out">
      <Filter>Output Files</Filter>
    </None>
    <None Include="test.in">
      <Filter>Input Files</Filter>
    </None>
    <None Include="test.out">
      <Filter>Output Files</Filter>
    </None>
  </ItemGroup>
</Project>